
Microsoft Visual Studio Solution File, Format Version 12.00
# Visual Studio Version 18
VisualStudioVersion = 18.2.11415.280
MinimumVisualStudioVersion = 10.0.40219.1
Project("{F2A71F9B-5D33-465A-A702-920D77279786}") = "BookHoundApp", "BookHoundApp.fsproj", "{DBE60A66-0C64-4103-BA7B-DD5633E04541}"
EndProject
Project("{2150E333-8FDC-42A3-9474-1A3956D46DE8}") = "Build", "Build", "{2B3019F4-9006-4694-932B-EFC9D5989729}"
	ProjectSection(SolutionItems) = preProject
		Build\android-emulator.desktop = Build\android-emulator.desktop
		Build\docker-compose.yml = Build\docker-compose.yml
		Build\Dockerfile = Build\Dockerfile
		Build\install-android-deps-win.ps1 = Build\install-android-deps-win.ps1
		Build\runVNC.sh = Build\runVNC.sh
		Build\start-emulator.sh = Build\start-emulator.sh
		Build\xstartup = Build\xstartup
	EndProjectSection
EndProject
Global
	GlobalSection(SolutionConfigurationPlatforms) = preSolution
		Debug|Any CPU = Debug|Any CPU
		Release|Any CPU = Release|Any CPU
	EndGlobalSection
	GlobalSection(ProjectConfigurationPlatforms) = postSolution
		{DBE60A66-0C64-4103-BA7B-DD5633E04541}.Debug|Any CPU.ActiveCfg = Debug|Any CPU
		{DBE60A66-0C64-4103-BA7B-DD5633E04541}.Debug|Any CPU.Build.0 = Debug|Any CPU
		{DBE60A66-0C64-4103-BA7B-DD5633E04541}.Debug|Any CPU.Deploy.0 = Debug|Any CPU
		{DBE60A66-0C64-4103-BA7B-DD5633E04541}.Release|Any CPU.ActiveCfg = Release|Any CPU
		{DBE60A66-0C64-4103-BA7B-DD5633E04541}.Release|Any CPU.Build.0 = Release|Any CPU
		{DBE60A66-0C64-4103-BA7B-DD5633E04541}.Release|Any CPU.Deploy.0 = Release|Any CPU
	EndGlobalSection
	GlobalSection(SolutionProperties) = preSolution
		HideSolutionNode = FALSE
	EndGlobalSection
	GlobalSection(ExtensibilityGlobals) = postSolution
		SolutionGuid = {61F7FB11-1E47-470C-91E2-47F8143E1572}
	EndGlobalSection
EndGlobal
